
Microsoft Visual Studio Solution File, Format Version 12.00
# Visual Studio Version 16
VisualStudioVersion = 16.0.31624.102
MinimumVisualStudioVersion = 10.0.40219.1
Project("{8BC9CEB8-8B4A-11D0-8D11-00A0C91BC942}") = "KuChess", "KuChess.vcxproj", "{D83B8B8F-43A3-485B-A544-17CF693AE43C}"
EndProject
Global
	GlobalSection(SolutionConfigurationPlatforms) = preSolution
		Debug|x64 = Debug|x64
		Debug|x86 = Debug|x86
		Release|x64 = Release|x64
		Release|x86 = Release|x86
	EndGlobalSection
	GlobalSection(ProjectConfigurationPlatforms) = postSolution
		{D83B8B8F-43A3-485B-A544-17CF693AE43C}.Debug|x64.ActiveCfg = Debug|x64
		{D83B8B8F-43A3-485B-A544-17CF693AE43C}.Debug|x64.Build.0 = Debug|x64
		{D83B8B8F-43A3-485B-A544-17CF693AE43C}.Debug|x86.ActiveCfg = Debug|Win32
		{D83B8B8F-43A3-485B-A544-17CF693AE43C}.Debug|x86.Build.0 = Debug|Win32
		{D83B8B8F-43A3-485B-A544-17CF693AE43C}.Release|x64.ActiveCfg = Release|x64
		{D83B8B8F-43A3-485B-A544-17CF693AE43C}.Release|x64.Build.0 = Release|x64
		{D83B8B8F-43A3-485B-A544-17CF693AE43C}.Release|x86.ActiveCfg = Release|Win32
		{D83B8B8F-43A3-485B-A544-17CF693AE43C}.Release|x86.Build.0 = Release|Win32
	EndGlobalSection
	GlobalSection(SolutionProperties) = preSolution
		HideSolutionNode = FALSE
	EndGlobalSection
	GlobalSection(ExtensibilityGlobals) = postSolution
		SolutionGuid = {2D213F6F-95EA-4359-A5F2-4EFB1DE38C56}
	EndGlobalSection
EndGlobal
